
Microsoft Visual Studio Solution File, Format Version 12.00
# Visual Studio 15
VisualStudioVersion = 15.0.28010.2003
MinimumVisualStudioVersion = 10.0.40219.1
Project("{8BC9CEB8-8B4A-11D0-8D11-00A0C91BC942}") = "LW1", "LW1\Algorithmization.vcxproj", "{D3E9FDFD-6756-4C26-94AD-B42E88A79613}"
EndProject
Project("{8BC9CEB8-8B4A-11D0-8D11-00A0C91BC942}") = "LW2", "LW2\LW2.vcxproj", "{706C6848-7FB4-4BB1-B9EF-955112DE6143}"
EndProject
Global
	GlobalSection(SolutionConfigurationPlatforms) = preSolution
		Debug|x64 = Debug|x64
		Debug|x86 = Debug|x86
		Release|x64 = Release|x64
		Release|x86 = Release|x86
	EndGlobalSection
	GlobalSection(ProjectConfigurationPlatforms) = postSolution
		{D3E9FDFD-6756-4C26-94AD-B42E88A79613}.Debug|x64.ActiveCfg = Debug|x64
		{D3E9FDFD-6756-4C26-94AD-B42E88A79613}.Debug|x64.Build.0 = Debug|x64
		{D3E9FDFD-6756-4C26-94AD-B42E88A79613}.Debug|x86.ActiveCfg = Debug|Win32
		{D3E9FDFD-6756-4C26-94AD-B42E88A79613}.Debug|x86.Build.0 = Debug|Win32
		{D3E9FDFD-6756-4C26-94AD-B42E88A79613}.Release|x64.ActiveCfg = Release|x64
		{D3E9FDFD-6756-4C26-94AD-B42E88A79613}.Release|x64.Build.0 = Release|x64
		{D3E9FDFD-6756-4C26-94AD-B42E88A79613}.Release|x86.ActiveCfg = Release|Win32
		{D3E9FDFD-6756-4C26-94AD-B42E88A79613}.Release|x86.Build.0 = Release|Win32
		{706C6848-7FB4-4BB1-B9EF-955112DE6143}.Debug|x64.ActiveCfg = Debug|x64
		{706C6848-7FB4-4BB1-B9EF-955112DE6143}.Debug|x64.Build.0 = Debug|x64
		{706C6848-7FB4-4BB1-B9EF-955112DE6143}.Debug|x86.ActiveCfg = Debug|Win32
		{706C6848-7FB4-4BB1-B9EF-955112DE6143}.Debug|x86.Build.0 = Debug|Win32
		{706C6848-7FB4-4BB1-B9EF-955112DE6143}.Release|x64.ActiveCfg = Release|x64
		{706C6848-7FB4-4BB1-B9EF-955112DE6143}.Release|x64.Build.0 = Release|x64
		{706C6848-7FB4-4BB1-B9EF-955112DE6143}.Release|x86.ActiveCfg = Release|Win32
		{706C6848-7FB4-4BB1-B9EF-955112DE6143}.Release|x86.Build.0 = Release|Win32
	EndGlobalSection
	GlobalSection(SolutionProperties) = preSolution
		HideSolutionNode = FALSE
	EndGlobalSection
	GlobalSection(ExtensibilityGlobals) = postSolution
		SolutionGuid = {BEFCAA34-1037-4366-9F0F-B2A506B0AFE8}
	EndGlobalSection
EndGlobal
