
Microsoft Visual Studio Solution File, Format Version 12.00
# Visual Studio 15
VisualStudioVersion = 15.0.28010.2003
MinimumVisualStudioVersion = 10.0.40219.1
Project("{8BC9CEB8-8B4A-11D0-8D11-00A0C91BC942}") = "LW1", "LW1\Algorithmization.vcxproj", "{D3E9FDFD-6756-4C26-94AD-B42E88A79613}"
EndProject
Project("{8BC9CEB8-8B4A-11D0-8D11-00A0C91BC942}") = "LW2", "LW2\LW2.vcxproj", "{706C6848-7FB4-4BB1-B9EF-955112DE6143}"
EndProject
Project("{8BC9CEB8-8B4A-11D0-8D11-00A0C91BC942}") = "LW3", "LW3\LW3.vcxproj", "{558D6F15-ECE5-4DDA-BC19-F4121BD82080}"
EndProject
Project("{8BC9CEB8-8B4A-11D0-8D11-00A0C91BC942}") = "LW3_2", "LW3_2\LW3_2.vcxproj", "{CA2620C7-619B-483E-8C15-2CA48539A398}"
EndProject
Project("{8BC9CEB8-8B4A-11D0-8D11-00A0C91BC942}") = "Diamond", "Diamond\Diamond.vcxproj", "{F9BD693D-38E5-4925-A02E-3ADEC4399B23}"
EndProject
Project("{8BC9CEB8-8B4A-11D0-8D11-00A0C91BC942}") = "LW4", "LW4\LW4.vcxproj", "{102EFD4E-81AA-4076-96F8-BCE05706CE8C}"
EndProject
Project("{8BC9CEB8-8B4A-11D0-8D11-00A0C91BC942}") = "LW4_test", "LW4_test\LW4_test.vcxproj", "{D5FBA99B-9B7A-4B50-9DB9-B037D215773E}"
EndProject
Project("{8BC9CEB8-8B4A-11D0-8D11-00A0C91BC942}") = "LW5", "LW5\LW5.vcxproj", "{A6F1AD5A-AB92-4194-B0BC-B7DE76EA9A9B}"
EndProject
Global
	GlobalSection(SolutionConfigurationPlatforms) = preSolution
		Debug|x64 = Debug|x64
		Debug|x86 = Debug|x86
		Release|x64 = Release|x64
		Release|x86 = Release|x86
	EndGlobalSection
	GlobalSection(ProjectConfigurationPlatforms) = postSolution
		{D3E9FDFD-6756-4C26-94AD-B42E88A79613}.Debug|x64.ActiveCfg = Debug|x64
		{D3E9FDFD-6756-4C26-94AD-B42E88A79613}.Debug|x64.Build.0 = Debug|x64
		{D3E9FDFD-6756-4C26-94AD-B42E88A79613}.Debug|x86.ActiveCfg = Debug|Win32
		{D3E9FDFD-6756-4C26-94AD-B42E88A79613}.Debug|x86.Build.0 = Debug|Win32
		{D3E9FDFD-6756-4C26-94AD-B42E88A79613}.Release|x64.ActiveCfg = Release|x64
		{D3E9FDFD-6756-4C26-94AD-B42E88A79613}.Release|x64.Build.0 = Release|x64
		{D3E9FDFD-6756-4C26-94AD-B42E88A79613}.Release|x86.ActiveCfg = Release|Win32
		{D3E9FDFD-6756-4C26-94AD-B42E88A79613}.Release|x86.Build.0 = Release|Win32
		{706C6848-7FB4-4BB1-B9EF-955112DE6143}.Debug|x64.ActiveCfg = Debug|x64
		{706C6848-7FB4-4BB1-B9EF-955112DE6143}.Debug|x64.Build.0 = Debug|x64
		{706C6848-7FB4-4BB1-B9EF-955112DE6143}.Debug|x86.ActiveCfg = Debug|Win32
		{706C6848-7FB4-4BB1-B9EF-955112DE6143}.Debug|x86.Build.0 = Debug|Win32
		{706C6848-7FB4-4BB1-B9EF-955112DE6143}.Release|x64.ActiveCfg = Release|x64
		{706C6848-7FB4-4BB1-B9EF-955112DE6143}.Release|x64.Build.0 = Release|x64
		{706C6848-7FB4-4BB1-B9EF-955112DE6143}.Release|x86.ActiveCfg = Release|Win32
		{706C6848-7FB4-4BB1-B9EF-955112DE6143}.Release|x86.Build.0 = Release|Win32
		{558D6F15-ECE5-4DDA-BC19-F4121BD82080}.Debug|x64.ActiveCfg = Debug|x64
		{558D6F15-ECE5-4DDA-BC19-F4121BD82080}.Debug|x64.Build.0 = Debug|x64
		{558D6F15-ECE5-4DDA-BC19-F4121BD82080}.Debug|x86.ActiveCfg = Debug|Win32
		{558D6F15-ECE5-4DDA-BC19-F4121BD82080}.Debug|x86.Build.0 = Debug|Win32
		{558D6F15-ECE5-4DDA-BC19-F4121BD82080}.Release|x64.ActiveCfg = Release|x64
		{558D6F15-ECE5-4DDA-BC19-F4121BD82080}.Release|x64.Build.0 = Release|x64
		{558D6F15-ECE5-4DDA-BC19-F4121BD82080}.Release|x86.ActiveCfg = Release|Win32
		{558D6F15-ECE5-4DDA-BC19-F4121BD82080}.Release|x86.Build.0 = Release|Win32
		{CA2620C7-619B-483E-8C15-2CA48539A398}.Debug|x64.ActiveCfg = Debug|x64
		{CA2620C7-619B-483E-8C15-2CA48539A398}.Debug|x64.Build.0 = Debug|x64
		{CA2620C7-619B-483E-8C15-2CA48539A398}.Debug|x86.ActiveCfg = Debug|Win32
		{CA2620C7-619B-483E-8C15-2CA48539A398}.Debug|x86.Build.0 = Debug|Win32
		{CA2620C7-619B-483E-8C15-2CA48539A398}.Release|x64.ActiveCfg = Release|x64
		{CA2620C7-619B-483E-8C15-2CA48539A398}.Release|x64.Build.0 = Release|x64
		{CA2620C7-619B-483E-8C15-2CA48539A398}.Release|x86.ActiveCfg = Release|Win32
		{CA2620C7-619B-483E-8C15-2CA48539A398}.Release|x86.Build.0 = Release|Win32
		{F9BD693D-38E5-4925-A02E-3ADEC4399B23}.Debug|x64.ActiveCfg = Debug|x64
		{F9BD693D-38E5-4925-A02E-3ADEC4399B23}.Debug|x64.Build.0 = Debug|x64
		{F9BD693D-38E5-4925-A02E-3ADEC4399B23}.Debug|x86.ActiveCfg = Debug|Win32
		{F9BD693D-38E5-4925-A02E-3ADEC4399B23}.Debug|x86.Build.0 = Debug|Win32
		{F9BD693D-38E5-4925-A02E-3ADEC4399B23}.Release|x64.ActiveCfg = Release|x64
		{F9BD693D-38E5-4925-A02E-3ADEC4399B23}.Release|x64.Build.0 = Release|x64
		{F9BD693D-38E5-4925-A02E-3ADEC4399B23}.Release|x86.ActiveCfg = Release|Win32
		{F9BD693D-38E5-4925-A02E-3ADEC4399B23}.Release|x86.Build.0 = Release|Win32
		{102EFD4E-81AA-4076-96F8-BCE05706CE8C}.Debug|x64.ActiveCfg = Debug|x64
		{102EFD4E-81AA-4076-96F8-BCE05706CE8C}.Debug|x64.Build.0 = Debug|x64
		{102EFD4E-81AA-4076-96F8-BCE05706CE8C}.Debug|x86.ActiveCfg = Debug|Win32
		{102EFD4E-81AA-4076-96F8-BCE05706CE8C}.Debug|x86.Build.0 = Debug|Win32
		{102EFD4E-81AA-4076-96F8-BCE05706CE8C}.Release|x64.ActiveCfg = Release|x64
		{102EFD4E-81AA-4076-96F8-BCE05706CE8C}.Release|x64.Build.0 = Release|x64
		{102EFD4E-81AA-4076-96F8-BCE05706CE8C}.Release|x86.ActiveCfg = Release|Win32
		{102EFD4E-81AA-4076-96F8-BCE05706CE8C}.Release|x86.Build.0 = Release|Win32
		{D5FBA99B-9B7A-4B50-9DB9-B037D215773E}.Debug|x64.ActiveCfg = Debug|x64
		{D5FBA99B-9B7A-4B50-9DB9-B037D215773E}.Debug|x64.Build.0 = Debug|x64
		{D5FBA99B-9B7A-4B50-9DB9-B037D215773E}.Debug|x86.ActiveCfg = Debug|Win32
		{D5FBA99B-9B7A-4B50-9DB9-B037D215773E}.Debug|x86.Build.0 = Debug|Win32
		{D5FBA99B-9B7A-4B50-9DB9-B037D215773E}.Release|x64.ActiveCfg = Release|x64
		{D5FBA99B-9B7A-4B50-9DB9-B037D215773E}.Release|x64.Build.0 = Release|x64
		{D5FBA99B-9B7A-4B50-9DB9-B037D215773E}.Release|x86.ActiveCfg = Release|Win32
		{D5FBA99B-9B7A-4B50-9DB9-B037D215773E}.Release|x86.Build.0 = Release|Win32
		{A6F1AD5A-AB92-4194-B0BC-B7DE76EA9A9B}.Debug|x64.ActiveCfg = Debug|x64
		{A6F1AD5A-AB92-4194-B0BC-B7DE76EA9A9B}.Debug|x64.Build.0 = Debug|x64
		{A6F1AD5A-AB92-4194-B0BC-B7DE76EA9A9B}.Debug|x86.ActiveCfg = Debug|Win32
		{A6F1AD5A-AB92-4194-B0BC-B7DE76EA9A9B}.Debug|x86.Build.0 = Debug|Win32
		{A6F1AD5A-AB92-4194-B0BC-B7DE76EA9A9B}.Release|x64.ActiveCfg = Release|x64
		{A6F1AD5A-AB92-4194-B0BC-B7DE76EA9A9B}.Release|x64.Build.0 = Release|x64
		{A6F1AD5A-AB92-4194-B0BC-B7DE76EA9A9B}.Release|x86.ActiveCfg = Release|Win32
		{A6F1AD5A-AB92-4194-B0BC-B7DE76EA9A9B}.Release|x86.Build.0 = Release|Win32
	EndGlobalSection
	GlobalSection(SolutionProperties) = preSolution
		HideSolutionNode = FALSE
	EndGlobalSection
	GlobalSection(ExtensibilityGlobals) = postSolution
		SolutionGuid = {BEFCAA34-1037-4366-9F0F-B2A506B0AFE8}
	EndGlobalSection
EndGlobal
